
Microsoft Visual Studio Solution File, Format Version 12.00
# Visual Studio Version 17
VisualStudioVersion = 17.11.35303.130
MinimumVisualStudioVersion = 10.0.40219.1
Project("{FAE04EC0-301F-11D3-BF4B-00C04F79EFBC}") = "Example01", "Example01\Example01.csproj", "{22C2BFF9-F682-4D91-90A8-0A24214AD9B9}"
EndProject
Project("{FAE04EC0-301F-11D3-BF4B-00C04F79EFBC}") = "Example02", "Example02\Example02.csproj", "{D3111BCF-723F-4CF6-93D5-26EF882F4FF3}"
EndProject
Global
	GlobalSection(SolutionConfigurationPlatforms) = preSolution
		Debug|Any CPU = Debug|Any CPU
		Release|Any CPU = Release|Any CPU
	EndGlobalSection
	GlobalSection(ProjectConfigurationPlatforms) = postSolution
		{22C2BFF9-F682-4D91-90A8-0A24214AD9B9}.Debug|Any CPU.ActiveCfg = Debug|Any CPU
		{22C2BFF9-F682-4D91-90A8-0A24214AD9B9}.Debug|Any CPU.Build.0 = Debug|Any CPU
		{22C2BFF9-F682-4D91-90A8-0A24214AD9B9}.Release|Any CPU.ActiveCfg = Release|Any CPU
		{22C2BFF9-F682-4D91-90A8-0A24214AD9B9}.Release|Any CPU.Build.0 = Release|Any CPU
		{D3111BCF-723F-4CF6-93D5-26EF882F4FF3}.Debug|Any CPU.ActiveCfg = Debug|Any CPU
		{D3111BCF-723F-4CF6-93D5-26EF882F4FF3}.Debug|Any CPU.Build.0 = Debug|Any CPU
		{D3111BCF-723F-4CF6-93D5-26EF882F4FF3}.Release|Any CPU.ActiveCfg = Release|Any CPU
		{D3111BCF-723F-4CF6-93D5-26EF882F4FF3}.Release|Any CPU.Build.0 = Release|Any CPU
	EndGlobalSection
	GlobalSection(SolutionProperties) = preSolution
		HideSolutionNode = FALSE
	EndGlobalSection
	GlobalSection(ExtensibilityGlobals) = postSolution
		SolutionGuid = {05AAC7FF-E70B-458C-88FD-392522348FC9}
	EndGlobalSection
EndGlobal
